{
  "originHash" : "ff6876cf42ae767bca095c4cd9d8a2348b667292a9c1829220bccfc5334c38cb",
  "pins" : [
    {
      "identity" : "jxkit",
      "kind" : "remoteSourceControl",
      "location" : "https://github.com/jectivex/JXKit",
      "state" : {
        "revision" : "a4c1872d36036fe4ade4b1cadb268603e89e25f0",
        "version" : "3.6.0"
      }
    },
    {
      "identity" : "moon",
      "kind" : "remoteSourceControl",
      "location" : "https://github.com/loopwerk/Moon",
      "state" : {
        "revision" : "a7fc37ea83092707f54ff0f193996ebbed05a65e",
        "version" : "1.2.3"
      }
    },
    {
      "identity" : "parsley",
      "kind" : "remoteSourceControl",
      "location" : "https://github.com/loopwerk/Parsley",
      "state" : {
        "revision" : "e7c825b00846c3006a1ed2d75d9674ee69cadbf6",
        "version" : "1.1.0"
      }
    },
    {
      "identity" : "pathkit",
      "kind" : "remoteSourceControl",
      "location" : "https://github.com/kylef/PathKit",
      "state" : {
        "revision" : "3bfd2737b700b9a36565a8c94f4ad2b050a5e574",
        "version" : "1.0.1"
      }
    },
    {
      "identity" : "sagaparsleymarkdownreader",
      "kind" : "remoteSourceControl",
      "location" : "https://github.com/loopwerk/SagaParsleyMarkdownReader",
      "state" : {
        "revision" : "479229014d96435cd289ba478de90d81ee1557e9",
        "version" : "1.2.0"
      }
    },
    {
      "identity" : "sagaswimrenderer",
      "kind" : "remoteSourceControl",
      "location" : "https://github.com/loopwerk/SagaSwimRenderer",
      "state" : {
        "revision" : "1ca60c214c639119df01e03c295750de6ad78c17",
        "version" : "1.1.0"
      }
    },
    {
      "identity" : "spectre",
      "kind" : "remoteSourceControl",
      "location" : "https://github.com/kylef/Spectre.git",
      "state" : {
        "revision" : "26cc5e9ae0947092c7139ef7ba612e34646086c7",
        "version" : "0.10.1"
      }
    },
    {
      "identity" : "swift-argument-parser",
      "kind" : "remoteSourceControl",
      "location" : "https://github.com/apple/swift-argument-parser",
      "state" : {
        "revision" : "cdd0ef3755280949551dc26dee5de9ddeda89f54",
        "version" : "1.6.2"
      }
    },
    {
      "identity" : "swift-asn1",
      "kind" : "remoteSourceControl",
      "location" : "https://github.com/apple/swift-asn1.git",
      "state" : {
        "revision" : "f70225981241859eb4aa1a18a75531d26637c8cc",
        "version" : "1.4.0"
      }
    },
    {
      "identity" : "swift-cmark",
      "kind" : "remoteSourceControl",
      "location" : "https://github.com/swiftlang/swift-cmark.git",
      "state" : {
        "revision" : "5d9bdaa4228b381639fff09403e39a04926e2dbe",
        "version" : "0.7.1"
      }
    },
    {
      "identity" : "swift-crypto",
      "kind" : "remoteSourceControl",
      "location" : "https://github.com/apple/swift-crypto",
      "state" : {
        "revision" : "95ba0316a9b733e92bb6b071255ff46263bbe7dc",
        "version" : "3.15.1"
      }
    },
    {
      "identity" : "swim",
      "kind" : "remoteSourceControl",
      "location" : "https://github.com/robb/Swim",
      "state" : {
        "revision" : "a0943e6f3cb5751ee7b69ed43a33613ea67d0c6a",
        "version" : "0.4.0"
      }
    }
  ],
  "version" : 3
}
