{
  "originHash" : "6942a1436699139759badddfd40fa215cc2f69217641d6df17f43bd495959322",
  "pins" : [
    {
      "identity" : "jxkit",
      "kind" : "remoteSourceControl",
      "location" : "https://github.com/jectivex/JXKit",
      "state" : {
        "revision" : "a4c1872d36036fe4ade4b1cadb268603e89e25f0",
        "version" : "3.6.0"
      }
    },
    {
      "identity" : "moon",
      "kind" : "remoteSourceControl",
      "location" : "https://github.com/loopwerk/Moon",
      "state" : {
        "revision" : "439d48259e278863203f5a6f67bb45c84ffbd360",
        "version" : "1.3.0"
      }
    },
    {
      "identity" : "parsley",
      "kind" : "remoteSourceControl",
      "location" : "https://github.com/loopwerk/Parsley",
      "state" : {
        "revision" : "1384f65054372000ded7dbf1f4b4e27c8fac2198",
        "version" : "1.2.0"
      }
    },
    {
      "identity" : "sagaimagereader",
      "kind" : "remoteSourceControl",
      "location" : "https://github.com/loopwerk/SagaImageReader",
      "state" : {
        "revision" : "73773aa8135455c9d9d122d19df6ec704d9426b5",
        "version" : "1.2.0"
      }
    },
    {
      "identity" : "sagaparsleymarkdownreader",
      "kind" : "remoteSourceControl",
      "location" : "https://github.com/loopwerk/SagaParsleyMarkdownReader",
      "state" : {
        "revision" : "b44f4d89688eb4c2266d149b897e547598df0f97",
        "version" : "1.3.0"
      }
    },
    {
      "identity" : "sagapathkit",
      "kind" : "remoteSourceControl",
      "location" : "https://github.com/loopwerk/SagaPathKit",
      "state" : {
        "revision" : "98e591dc42163f674f238c30b14c14e23f30e5a1",
        "version" : "1.6.1"
      }
    },
    {
      "identity" : "sagaswimrenderer",
      "kind" : "remoteSourceControl",
      "location" : "https://github.com/loopwerk/SagaSwimRenderer",
      "state" : {
        "revision" : "05e68daf645d68cbb00658890a31083e9b1edb90",
        "version" : "1.4.1"
      }
    },
    {
      "identity" : "scry",
      "kind" : "remoteSourceControl",
      "location" : "https://github.com/loopwerk/Scry.git",
      "state" : {
        "revision" : "7ee29b11119829b1171f81787f86b0a9b474c894",
        "version" : "1.0.0"
      }
    },
    {
      "identity" : "swift-asn1",
      "kind" : "remoteSourceControl",
      "location" : "https://github.com/apple/swift-asn1.git",
      "state" : {
        "revision" : "9f542610331815e29cc3821d3b6f488db8715517",
        "version" : "1.6.0"
      }
    },
    {
      "identity" : "swift-cmark",
      "kind" : "remoteSourceControl",
      "location" : "https://github.com/swiftlang/swift-cmark.git",
      "state" : {
        "revision" : "5d9bdaa4228b381639fff09403e39a04926e2dbe",
        "version" : "0.7.1"
      }
    },
    {
      "identity" : "swift-crypto",
      "kind" : "remoteSourceControl",
      "location" : "https://github.com/apple/swift-crypto",
      "state" : {
        "revision" : "95ba0316a9b733e92bb6b071255ff46263bbe7dc",
        "version" : "3.15.1"
      }
    },
    {
      "identity" : "swim",
      "kind" : "remoteSourceControl",
      "location" : "https://github.com/robb/Swim",
      "state" : {
        "revision" : "a0943e6f3cb5751ee7b69ed43a33613ea67d0c6a",
        "version" : "0.4.0"
      }
    }
  ],
  "version" : 3
}
